// !$*UTF8*$!
{
	archiveVersion = 1;
	classes = {
	};
	objectVersion = 77;
	objects = {

/* Begin PBXContainerItemProxy section */
		B28B96402D06A1D00054EA1D /* PBXContainerItemProxy */ = {
			isa = PBXContainerItemProxy;
			containerPortal = B28B96272D06A1CF0054EA1D /* Project object */;
			proxyType = 1;
			remoteGlobalIDString = B28B962E2D06A1CF0054EA1D;
			remoteInfo = Day25Challenge;
		};
		B28B964A2D06A1D00054EA1D /* PBXContainerItemProxy */ = {
			isa = PBXContainerItemProxy;
			containerPortal = B28B96272D06A1CF0054EA1D /* Project object */;
			proxyType = 1;
			remoteGlobalIDString = B28B962E2D06A1CF0054EA1D;
			remoteInfo = Day25Challenge;
		};
/* End PBXContainerItemProxy section */

/* Begin PBXFileReference section */
		B28B962F2D06A1CF0054EA1D /* Day25Challenge.app */ = {isa = PBXFileReference; explicitFileType = wrapper.application; includeInIndex = 0; path = Day25Challenge.app; sourceTree = BUILT_PRODUCTS_DIR; };
		B28B963F2D06A1D00054EA1D /* Day25ChallengeTests.xctest */ = {isa = PBXFileReference; explicitFileType = wrapper.cfbundle; includeInIndex = 0; path = Day25ChallengeTests.xctest; sourceTree = BUILT_PRODUCTS_DIR; };
		B28B96492D06A1D00054EA1D /* Day25ChallengeUITests.xctest */ = {isa = PBXFileReference; explicitFileType = wrapper.cfbundle; includeInIndex = 0; path = Day25ChallengeUITests.xctest; sourceTree = BUILT_PRODUCTS_DIR; };
/* End PBXFileReference section */

/* Begin PBXFileSystemSynchronizedRootGroup section */
		B28B96312D06A1CF0054EA1D /* Day25Challenge */ = {
			isa = PBXFileSystemSynchronizedRootGroup;
			path = Day25Challenge;
			sourceTree = "<group>";
		};
		B28B96422D06A1D00054EA1D /* Day25ChallengeTests */ = {
			isa = PBXFileSystemSynchronizedRootGroup;
			path = Day25ChallengeTests;
			sourceTree = "<group>";
		};
		B28B964C2D06A1D00054EA1D /* Day25ChallengeUITests */ = {
			isa = PBXFileSystemSynchronizedRootGroup;
			path = Day25ChallengeUITests;
			sourceTree = "<group>";
		};
/* End PBXFileSystemSynchronizedRootGroup section */

/* Begin PBXFrameworksBuildPhase section */
		B28B962C2D06A1CF0054EA1D /* Frameworks */ = {
			isa = PBXFrameworksBuildPhase;
			buildActionMask = 2147483647;
			files = (
			);
			runOnlyForDeploymentPostprocessing = 0;
		};
		B28B963C2D06A1D00054EA1D /* Frameworks */ = {
			isa = PBXFrameworksBuildPhase;
			buildActionMask = 2147483647;
			files = (
			);
			runOnlyForDeploymentPostprocessing = 0;
		};
		B28B96462D06A1D00054EA1D /* Frameworks */ = {
			isa = PBXFrameworksBuildPhase;
			buildActionMask = 2147483647;
			files = (
			);
			runOnlyForDeploymentPostprocessing = 0;
		};
/* End PBXFrameworksBuildPhase section */

/* Begin PBXGroup section */
		B28B96262D06A1CF0054EA1D = {
			isa = PBXGroup;
			children = (
				B28B96312D06A1CF0054EA1D /* Day25Challenge */,
				B28B96422D06A1D00054EA1D /* Day25ChallengeTests */,
				B28B964C2D06A1D00054EA1D /* Day25ChallengeUITests */,
				B28B96302D06A1CF0054EA1D /* Products */,
			);
			sourceTree = "<group>";
		};
		B28B96302D06A1CF0054EA1D /* Products */ = {
			isa = PBXGroup;
			children = (
				B28B962F2D06A1CF0054EA1D /* Day25Challenge.app */,
				B28B963F2D06A1D00054EA1D /* Day25ChallengeTests.xctest */,
				B28B96492D06A1D00054EA1D /* Day25ChallengeUITests.xctest */,
			);
			name = Products;
			sourceTree = "<group>";
		};
/* End PBXGroup section */

/* Begin PBXNativeTarget section */
		B28B962E2D06A1CF0054EA1D /* Day25Challenge */ = {
			isa = PBXNativeTarget;
			buildConfigurationList = B28B96532D06A1D00054EA1D /* Build configuration list for PBXNativeTarget "Day25Challenge" */;
			buildPhases = (
				B28B962B2D06A1CF0054EA1D /* Sources */,
				B28B962C2D06A1CF0054EA1D /* Frameworks */,
				B28B962D2D06A1CF0054EA1D /* Resources */,
			);
			buildRules = (
			);
			dependencies = (
			);
			fileSystemSynchronizedGroups = (
				B28B96312D06A1CF0054EA1D /* Day25Challenge */,
			);
			name = Day25Challenge;
			packageProductDependencies = (
			);
			productName = Day25Challenge;
			productReference = B28B962F2D06A1CF0054EA1D /* Day25Challenge.app */;
			productType = "com.apple.product-type.application";
		};
		B28B963E2D06A1D00054EA1D /* Day25ChallengeTests */ = {
			isa = PBXNativeTarget;
			buildConfigurationList = B28B96562D06A1D00054EA1D /* Build configuration list for PBXNativeTarget "Day25ChallengeTests" */;
			buildPhases = (
				B28B963B2D06A1D00054EA1D /* Sources */,
				B28B963C2D06A1D00054EA1D /* Frameworks */,
				B28B963D2D06A1D00054EA1D /* Resources */,
			);
			buildRules = (
			);
			dependencies = (
				B28B96412D06A1D00054EA1D /* PBXTargetDependency */,
			);
			fileSystemSynchronizedGroups = (
				B28B96422D06A1D00054EA1D /* Day25ChallengeTests */,
			);
			name = Day25ChallengeTests;
			packageProductDependencies = (
			);
			productName = Day25ChallengeTests;
			productReference = B28B963F2D06A1D00054EA1D /* Day25ChallengeTests.xctest */;
			productType = "com.apple.product-type.bundle.unit-test";
		};
		B28B96482D06A1D00054EA1D /* Day25ChallengeUITests */ = {
			isa = PBXNativeTarget;
			buildConfigurationList = B28B96592D06A1D00054EA1D /* Build configuration list for PBXNativeTarget "Day25ChallengeUITests" */;
			buildPhases = (
				B28B96452D06A1D00054EA1D /* Sources */,
				B28B96462D06A1D00054EA1D /* Frameworks */,
				B28B96472D06A1D00054EA1D /* Resources */,
			);
			buildRules = (
			);
			dependencies = (
				B28B964B2D06A1D00054EA1D /* PBXTargetDependency */,
			);
			fileSystemSynchronizedGroups = (
				B28B964C2D06A1D00054EA1D /* Day25ChallengeUITests */,
			);
			name = Day25ChallengeUITests;
			packageProductDependencies = (
			);
			productName = Day25ChallengeUITests;
			productReference = B28B96492D06A1D00054EA1D /* Day25ChallengeUITests.xctest */;
			productType = "com.apple.product-type.bundle.ui-testing";
		};
/* End PBXNativeTarget section */

/* Begin PBXProject section */
		B28B96272D06A1CF0054EA1D /* Project object */ = {
			isa = PBXProject;
			attributes = {
				BuildIndependentTargetsInParallel = 1;
				LastSwiftUpdateCheck = 1610;
				LastUpgradeCheck = 1610;
				TargetAttributes = {
					B28B962E2D06A1CF0054EA1D = {
						CreatedOnToolsVersion = 16.1;
					};
					B28B963E2D06A1D00054EA1D = {
						CreatedOnToolsVersion = 16.1;
						TestTargetID = B28B962E2D06A1CF0054EA1D;
					};
					B28B96482D06A1D00054EA1D = {
						CreatedOnToolsVersion = 16.1;
						TestTargetID = B28B962E2D06A1CF0054EA1D;
					};
				};
			};
			buildConfigurationList = B28B962A2D06A1CF0054EA1D /* Build configuration list for PBXProject "Day25Challenge" */;
			developmentRegion = en;
			hasScannedForEncodings = 0;
			knownRegions = (
				en,
				Base,
			);
			mainGroup = B28B96262D06A1CF0054EA1D;
			minimizedProjectReferenceProxies = 1;
			preferredProjectObjectVersion = 77;
			productRefGroup = B28B96302D06A1CF0054EA1D /* Products */;
			projectDirPath = "";
			projectRoot = "";
			targets = (
				B28B962E2D06A1CF0054EA1D /* Day25Challenge */,
				B28B963E2D06A1D00054EA1D /* Day25ChallengeTests */,
				B28B96482D06A1D00054EA1D /* Day25ChallengeUITests */,
			);
		};
/* End PBXProject section */

/* Begin PBXResourcesBuildPhase section */
		B28B962D2D06A1CF0054EA1D /* Resources */ = {
			isa = PBXResourcesBuildPhase;
			buildActionMask = 2147483647;
			files = (
			);
			runOnlyForDeploymentPostprocessing = 0;
		};
		B28B963D2D06A1D00054EA1D /* Resources */ = {
			isa = PBXResourcesBuildPhase;
			buildActionMask = 2147483647;
			files = (
			);
			runOnlyForDeploymentPostprocessing = 0;
		};
		B28B96472D06A1D00054EA1D /* Resources */ = {
			isa = PBXResourcesBuildPhase;
			buildActionMask = 2147483647;
			files = (
			);
			runOnlyForDeploymentPostprocessing = 0;
		};
/* End PBXResourcesBuildPhase section */

/* Begin PBXSourcesBuildPhase section */
		B28B962B2D06A1CF0054EA1D /* Sources */ = {
			isa = PBXSourcesBuildPhase;
			buildActionMask = 2147483647;
			files = (
			);
			runOnlyForDeploymentPostprocessing = 0;
		};
		B28B963B2D06A1D00054EA1D /* Sources */ = {
			isa = PBXSourcesBuildPhase;
			buildActionMask = 2147483647;
			files = (
			);
			runOnlyForDeploymentPostprocessing = 0;
		};
		B28B96452D06A1D00054EA1D /* Sources */ = {
			isa = PBXSourcesBuildPhase;
			buildActionMask = 2147483647;
			files = (
			);
			runOnlyForDeploymentPostprocessing = 0;
		};
/* End PBXSourcesBuildPhase section */

/* Begin PBXTargetDependency section */
		B28B96412D06A1D00054EA1D /* PBXTargetDependency */ = {
			isa = PBXTargetDependency;
			target = B28B962E2D06A1CF0054EA1D /* Day25Challenge */;
			targetProxy = B28B96402D06A1D00054EA1D /* PBXContainerItemProxy */;
		};
		B28B964B2D06A1D00054EA1D /* PBXTargetDependency */ = {
			isa = PBXTargetDependency;
			target = B28B962E2D06A1CF0054EA1D /* Day25Challenge */;
			targetProxy = B28B964A2D06A1D00054EA1D /* PBXContainerItemProxy */;
		};
/* End PBXTargetDependency section */

/* Begin XCBuildConfiguration section */
		B28B96512D06A1D00054EA1D /* Debug */ = {
			isa = XCBuildConfiguration;
			buildSettings = {
				ALWAYS_SEARCH_USER_PATHS = NO;
				ASSETCATALOG_COMPILER_GENERATE_SWIFT_ASSET_SYMBOL_EXTENSIONS = YES;
				CLANG_ANALYZER_NONNULL = YES;
				CLANG_ANALYZER_NUMBER_OBJECT_CONVERSION = YES_AGGRESSIVE;
				CLANG_CXX_LANGUAGE_STANDARD = "gnu++20";
				CLANG_ENABLE_MODULES = YES;
				CLANG_ENABLE_OBJC_ARC = YES;
				CLANG_ENABLE_OBJC_WEAK = YES;
				CLANG_WARN_BLOCK_CAPTURE_AUTORELEASING = YES;
				CLANG_WARN_BOOL_CONVERSION = YES;
				CLANG_WARN_COMMA = YES;
				CLANG_WARN_CONSTANT_CONVERSION = YES;
				CLANG_WARN_DEPRECATED_OBJC_IMPLEMENTATIONS = YES;
				CLANG_WARN_DIRECT_OBJC_ISA_USAGE = YES_ERROR;
				CLANG_WARN_DOCUMENTATION_COMMENTS = YES;
				CLANG_WARN_EMPTY_BODY = YES;
				CLANG_WARN_ENUM_CONVERSION = YES;
				CLANG_WARN_INFINITE_RECURSION = YES;
				CLANG_WARN_INT_CONVERSION = YES;
				CLANG_WARN_NON_LITERAL_NULL_CONVERSION = YES;
				CLANG_WARN_OBJC_IMPLICIT_RETAIN_SELF = YES;
				CLANG_WARN_OBJC_LITERAL_CONVERSION = YES;
				CLANG_WARN_OBJC_ROOT_CLASS = YES_ERROR;
				CLANG_WARN_QUOTED_INCLUDE_IN_FRAMEWORK_HEADER = YES;
				CLANG_WARN_RANGE_LOOP_ANALYSIS = YES;
				CLANG_WARN_STRICT_PROTOTYPES = YES;
				CLANG_WARN_SUSPICIOUS_MOVE = YES;
				CLANG_WARN_UNGUARDED_AVAILABILITY = YES_AGGRESSIVE;
				CLANG_WARN_UNREACHABLE_CODE = YES;
				CLANG_WARN__DUPLICATE_METHOD_MATCH = YES;
				COPY_PHASE_STRIP = NO;
				DEBUG_INFORMATION_FORMAT = dwarf;
				ENABLE_STRICT_OBJC_MSGSEND = YES;
				ENABLE_TESTABILITY = YES;
				ENABLE_USER_SCRIPT_SANDBOXING = YES;
				GCC_C_LANGUAGE_STANDARD = gnu17;
				GCC_DYNAMIC_NO_PIC = NO;
				GCC_NO_COMMON_BLOCKS = YES;
				GCC_OPTIMIZATION_LEVEL = 0;
				GCC_PREPROCESSOR_DEFINITIONS = (
					"DEBUG=1",
					"$(inherited)",
				);
				GCC_WARN_64_TO_32_BIT_CONVERSION = YES;
				GCC_WARN_ABOUT_RETURN_TYPE = YES_ERROR;
				GCC_WARN_UNDECLARED_SELECTOR = YES;
				GCC_WARN_UNINITIALIZED_AUTOS = YES_AGGRESSIVE;
				GCC_WARN_UNUSED_FUNCTION = YES;
				GCC_WARN_UNUSED_VARIABLE = YES;
				IPHONEOS_DEPLOYMENT_TARGET = 18.1;
				LOCALIZATION_PREFERS_STRING_CATALOGS = YES;
				MTL_ENABLE_DEBUG_INFO = INCLUDE_SOURCE;
				MTL_FAST_MATH = YES;
				ONLY_ACTIVE_ARCH = YES;
				SDKROOT = iphoneos;
				SWIFT_ACTIVE_COMPILATION_CONDITIONS = "DEBUG $(inherited)";
				SWIFT_OPTIMIZATION_LEVEL = "-Onone";
			};
			name = Debug;
		};
		B28B96522D06A1D00054EA1D /* Release */ = {
			isa = XCBuildConfiguration;
			buildSettings = {
				ALWAYS_SEARCH_USER_PATHS = NO;
				ASSETCATALOG_COMPILER_GENERATE_SWIFT_ASSET_SYMBOL_EXTENSIONS = YES;
				CLANG_ANALYZER_NONNULL = YES;
				CLANG_ANALYZER_NUMBER_OBJECT_CONVERSION = YES_AGGRESSIVE;
				CLANG_CXX_LANGUAGE_STANDARD = "gnu++20";
				CLANG_ENABLE_MODULES = YES;
				CLANG_ENABLE_OBJC_ARC = YES;
				CLANG_ENABLE_OBJC_WEAK = YES;
				CLANG_WARN_BLOCK_CAPTURE_AUTORELEASING = YES;
				CLANG_WARN_BOOL_CONVERSION = YES;
				CLANG_WARN_COMMA = YES;
				CLANG_WARN_CONSTANT_CONVERSION = YES;
				CLANG_WARN_DEPRECATED_OBJC_IMPLEMENTATIONS = YES;
				CLANG_WARN_DIRECT_OBJC_ISA_USAGE = YES_ERROR;
				CLANG_WARN_DOCUMENTATION_COMMENTS = YES;
				CLANG_WARN_EMPTY_BODY = YES;
				CLANG_WARN_ENUM_CONVERSION = YES;
				CLANG_WARN_INFINITE_RECURSION = YES;
				CLANG_WARN_INT_CONVERSION = YES;
				CLANG_WARN_NON_LITERAL_NULL_CONVERSION = YES;
				CLANG_WARN_OBJC_IMPLICIT_RETAIN_SELF = YES;
				CLANG_WARN_OBJC_LITERAL_CONVERSION = YES;
				CLANG_WARN_OBJC_ROOT_CLASS = YES_ERROR;
				CLANG_WARN_QUOTED_INCLUDE_IN_FRAMEWORK_HEADER = YES;
				CLANG_WARN_RANGE_LOOP_ANALYSIS = YES;
				CLANG_WARN_STRICT_PROTOTYPES = YES;
				CLANG_WARN_SUSPICIOUS_MOVE = YES;
				CLANG_WARN_UNGUARDED_AVAILABILITY = YES_AGGRESSIVE;
				CLANG_WARN_UNREACHABLE_CODE = YES;
				CLANG_WARN__DUPLICATE_METHOD_MATCH = YES;
				COPY_PHASE_STRIP = NO;
				DEBUG_INFORMATION_FORMAT = "dwarf-with-dsym";
				ENABLE_NS_ASSERTIONS = NO;
				ENABLE_STRICT_OBJC_MSGSEND = YES;
				ENABLE_USER_SCRIPT_SANDBOXING = YES;
				GCC_C_LANGUAGE_STANDARD = gnu17;
				GCC_NO_COMMON_BLOCKS = YES;
				GCC_WARN_64_TO_32_BIT_CONVERSION = YES;
				GCC_WARN_ABOUT_RETURN_TYPE = YES_ERROR;
				GCC_WARN_UNDECLARED_SELECTOR = YES;
				GCC_WARN_UNINITIALIZED_AUTOS = YES_AGGRESSIVE;
				GCC_WARN_UNUSED_FUNCTION = YES;
				GCC_WARN_UNUSED_VARIABLE = YES;
				IPHONEOS_DEPLOYMENT_TARGET = 18.1;
				LOCALIZATION_PREFERS_STRING_CATALOGS = YES;
				MTL_ENABLE_DEBUG_INFO = NO;
				MTL_FAST_MATH = YES;
				SDKROOT = iphoneos;
				SWIFT_COMPILATION_MODE = wholemodule;
				VALIDATE_PRODUCT = YES;
			};
			name = Release;
		};
		B28B96542D06A1D00054EA1D /* Debug */ = {
			isa = XCBuildConfiguration;
			buildSettings = {
				ASSETCATALOG_COMPILER_APPICON_NAME = AppIcon;
				ASSETCATALOG_COMPILER_GLOBAL_ACCENT_COLOR_NAME = AccentColor;
				CODE_SIGN_STYLE = Automatic;
				CURRENT_PROJECT_VERSION = 1;
				DEVELOPMENT_ASSET_PATHS = "\"Day25Challenge/Preview Content\"";
				DEVELOPMENT_TEAM = A9LJR8LPA6;
				ENABLE_PREVIEWS = YES;
				GENERATE_INFOPLIST_FILE = YES;
				INFOPLIST_KEY_UIApplicationSceneManifest_Generation = YES;
				INFOPLIST_KEY_UIApplicationSupportsIndirectInputEvents = YES;
				INFOPLIST_KEY_UILaunchScreen_Generation = YES;
				INFOPLIST_KEY_UISupportedInterfaceOrientations_iPad = "UIInterfaceOrientationPortrait UIInterfaceOrientationPortraitUpsideDown UIInterfaceOrientationLandscapeLeft UIInterfaceOrientationLandscapeRight";
				INFOPLIST_KEY_UISupportedInterfaceOrientations_iPhone = "UIInterfaceOrientationPortrait UIInterfaceOrientationLandscapeLeft UIInterfaceOrientationLandscapeRight";
				LD_RUNPATH_SEARCH_PATHS = (
					"$(inherited)",
					"@executable_path/Frameworks",
				);
				MARKETING_VERSION = 1.0;
				PRODUCT_BUNDLE_IDENTIFIER = me.kaki.sravya.Day25Challenge;
				PRODUCT_NAME = "$(TARGET_NAME)";
				SWIFT_EMIT_LOC_STRINGS = YES;
				SWIFT_VERSION = 5.0;
				TARGETED_DEVICE_FAMILY = "1,2";
			};
			name = Debug;
		};
		B28B96552D06A1D00054EA1D /* Release */ = {
			isa = XCBuildConfiguration;
			buildSettings = {
				ASSETCATALOG_COMPILER_APPICON_NAME = AppIcon;
				ASSETCATALOG_COMPILER_GLOBAL_ACCENT_COLOR_NAME = AccentColor;
				CODE_SIGN_STYLE = Automatic;
				CURRENT_PROJECT_VERSION = 1;
				DEVELOPMENT_ASSET_PATHS = "\"Day25Challenge/Preview Content\"";
				DEVELOPMENT_TEAM = A9LJR8LPA6;
				ENABLE_PREVIEWS = YES;
				GENERATE_INFOPLIST_FILE = YES;
				INFOPLIST_KEY_UIApplicationSceneManifest_Generation = YES;
				INFOPLIST_KEY_UIApplicationSupportsIndirectInputEvents = YES;
				INFOPLIST_KEY_UILaunchScreen_Generation = YES;
				INFOPLIST_KEY_UISupportedInterfaceOrientations_iPad = "UIInterfaceOrientationPortrait UIInterfaceOrientationPortraitUpsideDown UIInterfaceOrientationLandscapeLeft UIInterfaceOrientationLandscapeRight";
				INFOPLIST_KEY_UISupportedInterfaceOrientations_iPhone = "UIInterfaceOrientationPortrait UIInterfaceOrientationLandscapeLeft UIInterfaceOrientationLandscapeRight";
				LD_RUNPATH_SEARCH_PATHS = (
					"$(inherited)",
					"@executable_path/Frameworks",
				);
				MARKETING_VERSION = 1.0;
				PRODUCT_BUNDLE_IDENTIFIER = me.kaki.sravya.Day25Challenge;
				PRODUCT_NAME = "$(TARGET_NAME)";
				SWIFT_EMIT_LOC_STRINGS = YES;
				SWIFT_VERSION = 5.0;
				TARGETED_DEVICE_FAMILY = "1,2";
			};
			name = Release;
		};
		B28B96572D06A1D00054EA1D /* Debug */ = {
			isa = XCBuildConfiguration;
			buildSettings = {
				BUNDLE_LOADER = "$(TEST_HOST)";
				CODE_SIGN_STYLE = Automatic;
				CURRENT_PROJECT_VERSION = 1;
				DEVELOPMENT_TEAM = A9LJR8LPA6;
				GENERATE_INFOPLIST_FILE = YES;
				IPHONEOS_DEPLOYMENT_TARGET = 18.1;
				MARKETING_VERSION = 1.0;
				PRODUCT_BUNDLE_IDENTIFIER = me.kaki.sravya.Day25ChallengeTests;
				PRODUCT_NAME = "$(TARGET_NAME)";
				SWIFT_EMIT_LOC_STRINGS = NO;
				SWIFT_VERSION = 5.0;
				TARGETED_DEVICE_FAMILY = "1,2";
				TEST_HOST = "$(BUILT_PRODUCTS_DIR)/Day25Challenge.app/$(BUNDLE_EXECUTABLE_FOLDER_PATH)/Day25Challenge";
			};
			name = Debug;
		};
		B28B96582D06A1D00054EA1D /* Release */ = {
			isa = XCBuildConfiguration;
			buildSettings = {
				BUNDLE_LOADER = "$(TEST_HOST)";
				CODE_SIGN_STYLE = Automatic;
				CURRENT_PROJECT_VERSION = 1;
				DEVELOPMENT_TEAM = A9LJR8LPA6;
				GENERATE_INFOPLIST_FILE = YES;
				IPHONEOS_DEPLOYMENT_TARGET = 18.1;
				MARKETING_VERSION = 1.0;
				PRODUCT_BUNDLE_IDENTIFIER = me.kaki.sravya.Day25ChallengeTests;
				PRODUCT_NAME = "$(TARGET_NAME)";
				SWIFT_EMIT_LOC_STRINGS = NO;
				SWIFT_VERSION = 5.0;
				TARGETED_DEVICE_FAMILY = "1,2";
				TEST_HOST = "$(BUILT_PRODUCTS_DIR)/Day25Challenge.app/$(BUNDLE_EXECUTABLE_FOLDER_PATH)/Day25Challenge";
			};
			name = Release;
		};
		B28B965A2D06A1D00054EA1D /* Debug */ = {
			isa = XCBuildConfiguration;
			buildSettings = {
				CODE_SIGN_STYLE = Automatic;
				CURRENT_PROJECT_VERSION = 1;
				DEVELOPMENT_TEAM = A9LJR8LPA6;
				GENERATE_INFOPLIST_FILE = YES;
				MARKETING_VERSION = 1.0;
				PRODUCT_BUNDLE_IDENTIFIER = me.kaki.sravya.Day25ChallengeUITests;
				PRODUCT_NAME = "$(TARGET_NAME)";
				SWIFT_EMIT_LOC_STRINGS = NO;
				SWIFT_VERSION = 5.0;
				TARGETED_DEVICE_FAMILY = "1,2";
				TEST_TARGET_NAME = Day25Challenge;
			};
			name = Debug;
		};
		B28B965B2D06A1D00054EA1D /* Release */ = {
			isa = XCBuildConfiguration;
			buildSettings = {
				CODE_SIGN_STYLE = Automatic;
				CURRENT_PROJECT_VERSION = 1;
				DEVELOPMENT_TEAM = A9LJR8LPA6;
				GENERATE_INFOPLIST_FILE = YES;
				MARKETING_VERSION = 1.0;
				PRODUCT_BUNDLE_IDENTIFIER = me.kaki.sravya.Day25ChallengeUITests;
				PRODUCT_NAME = "$(TARGET_NAME)";
				SWIFT_EMIT_LOC_STRINGS = NO;
				SWIFT_VERSION = 5.0;
				TARGETED_DEVICE_FAMILY = "1,2";
				TEST_TARGET_NAME = Day25Challenge;
			};
			name = Release;
		};
/* End XCBuildConfiguration section */

/* Begin XCConfigurationList section */
		B28B962A2D06A1CF0054EA1D /* Build configuration list for PBXProject "Day25Challenge" */ = {
			isa = XCConfigurationList;
			buildConfigurations = (
				B28B96512D06A1D00054EA1D /* Debug */,
				B28B96522D06A1D00054EA1D /* Release */,
			);
			defaultConfigurationIsVisible = 0;
			defaultConfigurationName = Release;
		};
		B28B96532D06A1D00054EA1D /* Build configuration list for PBXNativeTarget "Day25Challenge" */ = {
			isa = XCConfigurationList;
			buildConfigurations = (
				B28B96542D06A1D00054EA1D /* Debug */,
				B28B96552D06A1D00054EA1D /* Release */,
			);
			defaultConfigurationIsVisible = 0;
			defaultConfigurationName = Release;
		};
		B28B96562D06A1D00054EA1D /* Build configuration list for PBXNativeTarget "Day25ChallengeTests" */ = {
			isa = XCConfigurationList;
			buildConfigurations = (
				B28B96572D06A1D00054EA1D /* Debug */,
				B28B96582D06A1D00054EA1D /* Release */,
			);
			defaultConfigurationIsVisible = 0;
			defaultConfigurationName = Release;
		};
		B28B96592D06A1D00054EA1D /* Build configuration list for PBXNativeTarget "Day25ChallengeUITests" */ = {
			isa = XCConfigurationList;
			buildConfigurations = (
				B28B965A2D06A1D00054EA1D /* Debug */,
				B28B965B2D06A1D00054EA1D /* Release */,
			);
			defaultConfigurationIsVisible = 0;
			defaultConfigurationName = Release;
		};
/* End XCConfigurationList section */
	};
	rootObject = B28B96272D06A1CF0054EA1D /* Project object */;
}
