// !$*UTF8*$!
{
	archiveVersion = 1;
	classes = {
	};
	objectVersion = 50;
	objects = {

/* Begin PBXBuildFile section */
		B2BAB0A426507A8A009519C0 /* AppDelegate.swift in Sources */ = {isa = PBXBuildFile; fileRef = B2BAB0A326507A8A009519C0 /* AppDelegate.swift */; };
		B2BAB0A626507A8A009519C0 /* SceneDelegate.swift in Sources */ = {isa = PBXBuildFile; fileRef = B2BAB0A526507A8A009519C0 /* SceneDelegate.swift */; };
		B2BAB0A826507A8A009519C0 /* ContentView.swift in Sources */ = {isa = PBXBuildFile; fileRef = B2BAB0A726507A8A009519C0 /* ContentView.swift */; };
		B2BAB0AA26507A8C009519C0 /* Assets.xcassets in Resources */ = {isa = PBXBuildFile; fileRef = B2BAB0A926507A8C009519C0 /* Assets.xcassets */; };
		B2BAB0AD26507A8C009519C0 /* Preview Assets.xcassets in Resources */ = {isa = PBXBuildFile; fileRef = B2BAB0AC26507A8C009519C0 /* Preview Assets.xcassets */; };
		B2BAB0B026507A8C009519C0 /* LaunchScreen.storyboard in Resources */ = {isa = PBXBuildFile; fileRef = B2BAB0AE26507A8C009519C0 /* LaunchScreen.storyboard */; };
		B2BAB0BB26507A8C009519C0 /* Challenge1Day19Tests.swift in Sources */ = {isa = PBXBuildFile; fileRef = B2BAB0BA26507A8C009519C0 /* Challenge1Day19Tests.swift */; };
		B2BAB0C626507A8C009519C0 /* Challenge1Day19UITests.swift in Sources */ = {isa = PBXBuildFile; fileRef = B2BAB0C526507A8C009519C0 /* Challenge1Day19UITests.swift */; };
/* End PBXBuildFile section */

/* Begin PBXContainerItemProxy section */
		B2BAB0B726507A8C009519C0 /* PBXContainerItemProxy */ = {
			isa = PBXContainerItemProxy;
			containerPortal = B2BAB09826507A8A009519C0 /* Project object */;
			proxyType = 1;
			remoteGlobalIDString = B2BAB09F26507A8A009519C0;
			remoteInfo = Challenge1Day19;
		};
		B2BAB0C226507A8C009519C0 /* PBXContainerItemProxy */ = {
			isa = PBXContainerItemProxy;
			containerPortal = B2BAB09826507A8A009519C0 /* Project object */;
			proxyType = 1;
			remoteGlobalIDString = B2BAB09F26507A8A009519C0;
			remoteInfo = Challenge1Day19;
		};
/* End PBXContainerItemProxy section */

/* Begin PBXFileReference section */
		B2BAB0A026507A8A009519C0 /* Challenge1Day19.app */ = {isa = PBXFileReference; explicitFileType = wrapper.application; includeInIndex = 0; path = Challenge1Day19.app; sourceTree = BUILT_PRODUCTS_DIR; };
		B2BAB0A326507A8A009519C0 /* AppDelegate.swift */ = {isa = PBXFileReference; lastKnownFileType = sourcecode.swift; path = AppDelegate.swift; sourceTree = "<group>"; };
		B2BAB0A526507A8A009519C0 /* SceneDelegate.swift */ = {isa = PBXFileReference; lastKnownFileType = sourcecode.swift; path = SceneDelegate.swift; sourceTree = "<group>"; };
		B2BAB0A726507A8A009519C0 /* ContentView.swift */ = {isa = PBXFileReference; lastKnownFileType = sourcecode.swift; path = ContentView.swift; sourceTree = "<group>"; };
		B2BAB0A926507A8C009519C0 /* Assets.xcassets */ = {isa = PBXFileReference; lastKnownFileType = folder.assetcatalog; path = Assets.xcassets; sourceTree = "<group>"; };
		B2BAB0AC26507A8C009519C0 /* Preview Assets.xcassets */ = {isa = PBXFileReference; lastKnownFileType = folder.assetcatalog; path = "Preview Assets.xcassets"; sourceTree = "<group>"; };
		B2BAB0AF26507A8C009519C0 /* Base */ = {isa = PBXFileReference; lastKnownFileType = file.storyboard; name = Base; path = Base.lproj/LaunchScreen.storyboard; sourceTree = "<group>"; };
		B2BAB0B126507A8C009519C0 /* Info.plist */ = {isa = PBXFileReference; lastKnownFileType = text.plist.xml; path = Info.plist; sourceTree = "<group>"; };
		B2BAB0B626507A8C009519C0 /* Challenge1Day19Tests.xctest */ = {isa = PBXFileReference; explicitFileType = wrapper.cfbundle; includeInIndex = 0; path = Challenge1Day19Tests.xctest; sourceTree = BUILT_PRODUCTS_DIR; };
		B2BAB0BA26507A8C009519C0 /* Challenge1Day19Tests.swift */ = {isa = PBXFileReference; lastKnownFileType = sourcecode.swift; path = Challenge1Day19Tests.swift; sourceTree = "<group>"; };
		B2BAB0BC26507A8C009519C0 /* Info.plist */ = {isa = PBXFileReference; lastKnownFileType = text.plist.xml; path = Info.plist; sourceTree = "<group>"; };
		B2BAB0C126507A8C009519C0 /* Challenge1Day19UITests.xctest */ = {isa = PBXFileReference; explicitFileType = wrapper.cfbundle; includeInIndex = 0; path = Challenge1Day19UITests.xctest; sourceTree = BUILT_PRODUCTS_DIR; };
		B2BAB0C526507A8C009519C0 /* Challenge1Day19UITests.swift */ = {isa = PBXFileReference; lastKnownFileType = sourcecode.swift; path = Challenge1Day19UITests.swift; sourceTree = "<group>"; };
		B2BAB0C726507A8C009519C0 /* Info.plist */ = {isa = PBXFileReference; lastKnownFileType = text.plist.xml; path = Info.plist; sourceTree = "<group>"; };
/* End PBXFileReference section */

/* Begin PBXFrameworksBuildPhase section */
		B2BAB09D26507A8A009519C0 /* Frameworks */ = {
			isa = PBXFrameworksBuildPhase;
			buildActionMask = 2147483647;
			files = (
			);
			runOnlyForDeploymentPostprocessing = 0;
		};
		B2BAB0B326507A8C009519C0 /* Frameworks */ = {
			isa = PBXFrameworksBuildPhase;
			buildActionMask = 2147483647;
			files = (
			);
			runOnlyForDeploymentPostprocessing = 0;
		};
		B2BAB0BE26507A8C009519C0 /* Frameworks */ = {
			isa = PBXFrameworksBuildPhase;
			buildActionMask = 2147483647;
			files = (
			);
			runOnlyForDeploymentPostprocessing = 0;
		};
/* End PBXFrameworksBuildPhase section */

/* Begin PBXGroup section */
		B2BAB09726507A8A009519C0 = {
			isa = PBXGroup;
			children = (
				B2BAB0A226507A8A009519C0 /* Challenge1Day19 */,
				B2BAB0B926507A8C009519C0 /* Challenge1Day19Tests */,
				B2BAB0C426507A8C009519C0 /* Challenge1Day19UITests */,
				B2BAB0A126507A8A009519C0 /* Products */,
			);
			sourceTree = "<group>";
		};
		B2BAB0A126507A8A009519C0 /* Products */ = {
			isa = PBXGroup;
			children = (
				B2BAB0A026507A8A009519C0 /* Challenge1Day19.app */,
				B2BAB0B626507A8C009519C0 /* Challenge1Day19Tests.xctest */,
				B2BAB0C126507A8C009519C0 /* Challenge1Day19UITests.xctest */,
			);
			name = Products;
			sourceTree = "<group>";
		};
		B2BAB0A226507A8A009519C0 /* Challenge1Day19 */ = {
			isa = PBXGroup;
			children = (
				B2BAB0A326507A8A009519C0 /* AppDelegate.swift */,
				B2BAB0A526507A8A009519C0 /* SceneDelegate.swift */,
				B2BAB0A726507A8A009519C0 /* ContentView.swift */,
				B2BAB0A926507A8C009519C0 /* Assets.xcassets */,
				B2BAB0AE26507A8C009519C0 /* LaunchScreen.storyboard */,
				B2BAB0B126507A8C009519C0 /* Info.plist */,
				B2BAB0AB26507A8C009519C0 /* Preview Content */,
			);
			path = Challenge1Day19;
			sourceTree = "<group>";
		};
		B2BAB0AB26507A8C009519C0 /* Preview Content */ = {
			isa = PBXGroup;
			children = (
				B2BAB0AC26507A8C009519C0 /* Preview Assets.xcassets */,
			);
			path = "Preview Content";
			sourceTree = "<group>";
		};
		B2BAB0B926507A8C009519C0 /* Challenge1Day19Tests */ = {
			isa = PBXGroup;
			children = (
				B2BAB0BA26507A8C009519C0 /* Challenge1Day19Tests.swift */,
				B2BAB0BC26507A8C009519C0 /* Info.plist */,
			);
			path = Challenge1Day19Tests;
			sourceTree = "<group>";
		};
		B2BAB0C426507A8C009519C0 /* Challenge1Day19UITests */ = {
			isa = PBXGroup;
			children = (
				B2BAB0C526507A8C009519C0 /* Challenge1Day19UITests.swift */,
				B2BAB0C726507A8C009519C0 /* Info.plist */,
			);
			path = Challenge1Day19UITests;
			sourceTree = "<group>";
		};
/* End PBXGroup section */

/* Begin PBXNativeTarget section */
		B2BAB09F26507A8A009519C0 /* Challenge1Day19 */ = {
			isa = PBXNativeTarget;
			buildConfigurationList = B2BAB0CA26507A8C009519C0 /* Build configuration list for PBXNativeTarget "Challenge1Day19" */;
			buildPhases = (
				B2BAB09C26507A8A009519C0 /* Sources */,
				B2BAB09D26507A8A009519C0 /* Frameworks */,
				B2BAB09E26507A8A009519C0 /* Resources */,
			);
			buildRules = (
			);
			dependencies = (
			);
			name = Challenge1Day19;
			productName = Challenge1Day19;
			productReference = B2BAB0A026507A8A009519C0 /* Challenge1Day19.app */;
			productType = "com.apple.product-type.application";
		};
		B2BAB0B526507A8C009519C0 /* Challenge1Day19Tests */ = {
			isa = PBXNativeTarget;
			buildConfigurationList = B2BAB0CD26507A8C009519C0 /* Build configuration list for PBXNativeTarget "Challenge1Day19Tests" */;
			buildPhases = (
				B2BAB0B226507A8C009519C0 /* Sources */,
				B2BAB0B326507A8C009519C0 /* Frameworks */,
				B2BAB0B426507A8C009519C0 /* Resources */,
			);
			buildRules = (
			);
			dependencies = (
				B2BAB0B826507A8C009519C0 /* PBXTargetDependency */,
			);
			name = Challenge1Day19Tests;
			productName = Challenge1Day19Tests;
			productReference = B2BAB0B626507A8C009519C0 /* Challenge1Day19Tests.xctest */;
			productType = "com.apple.product-type.bundle.unit-test";
		};
		B2BAB0C026507A8C009519C0 /* Challenge1Day19UITests */ = {
			isa = PBXNativeTarget;
			buildConfigurationList = B2BAB0D026507A8C009519C0 /* Build configuration list for PBXNativeTarget "Challenge1Day19UITests" */;
			buildPhases = (
				B2BAB0BD26507A8C009519C0 /* Sources */,
				B2BAB0BE26507A8C009519C0 /* Frameworks */,
				B2BAB0BF26507A8C009519C0 /* Resources */,
			);
			buildRules = (
			);
			dependencies = (
				B2BAB0C326507A8C009519C0 /* PBXTargetDependency */,
			);
			name = Challenge1Day19UITests;
			productName = Challenge1Day19UITests;
			productReference = B2BAB0C126507A8C009519C0 /* Challenge1Day19UITests.xctest */;
			productType = "com.apple.product-type.bundle.ui-testing";
		};
/* End PBXNativeTarget section */

/* Begin PBXProject section */
		B2BAB09826507A8A009519C0 /* Project object */ = {
			isa = PBXProject;
			attributes = {
				LastSwiftUpdateCheck = 1250;
				LastUpgradeCheck = 1250;
				TargetAttributes = {
					B2BAB09F26507A8A009519C0 = {
						CreatedOnToolsVersion = 12.5;
					};
					B2BAB0B526507A8C009519C0 = {
						CreatedOnToolsVersion = 12.5;
						TestTargetID = B2BAB09F26507A8A009519C0;
					};
					B2BAB0C026507A8C009519C0 = {
						CreatedOnToolsVersion = 12.5;
						TestTargetID = B2BAB09F26507A8A009519C0;
					};
				};
			};
			buildConfigurationList = B2BAB09B26507A8A009519C0 /* Build configuration list for PBXProject "Challenge1Day19" */;
			compatibilityVersion = "Xcode 9.3";
			developmentRegion = en;
			hasScannedForEncodings = 0;
			knownRegions = (
				en,
				Base,
			);
			mainGroup = B2BAB09726507A8A009519C0;
			productRefGroup = B2BAB0A126507A8A009519C0 /* Products */;
			projectDirPath = "";
			projectRoot = "";
			targets = (
				B2BAB09F26507A8A009519C0 /* Challenge1Day19 */,
				B2BAB0B526507A8C009519C0 /* Challenge1Day19Tests */,
				B2BAB0C026507A8C009519C0 /* Challenge1Day19UITests */,
			);
		};
/* End PBXProject section */

/* Begin PBXResourcesBuildPhase section */
		B2BAB09E26507A8A009519C0 /* Resources */ = {
			isa = PBXResourcesBuildPhase;
			buildActionMask = 2147483647;
			files = (
				B2BAB0B026507A8C009519C0 /* LaunchScreen.storyboard in Resources */,
				B2BAB0AD26507A8C009519C0 /* Preview Assets.xcassets in Resources */,
				B2BAB0AA26507A8C009519C0 /* Assets.xcassets in Resources */,
			);
			runOnlyForDeploymentPostprocessing = 0;
		};
		B2BAB0B426507A8C009519C0 /* Resources */ = {
			isa = PBXResourcesBuildPhase;
			buildActionMask = 2147483647;
			files = (
			);
			runOnlyForDeploymentPostprocessing = 0;
		};
		B2BAB0BF26507A8C009519C0 /* Resources */ = {
			isa = PBXResourcesBuildPhase;
			buildActionMask = 2147483647;
			files = (
			);
			runOnlyForDeploymentPostprocessing = 0;
		};
/* End PBXResourcesBuildPhase section */

/* Begin PBXSourcesBuildPhase section */
		B2BAB09C26507A8A009519C0 /* Sources */ = {
			isa = PBXSourcesBuildPhase;
			buildActionMask = 2147483647;
			files = (
				B2BAB0A426507A8A009519C0 /* AppDelegate.swift in Sources */,
				B2BAB0A626507A8A009519C0 /* SceneDelegate.swift in Sources */,
				B2BAB0A826507A8A009519C0 /* ContentView.swift in Sources */,
			);
			runOnlyForDeploymentPostprocessing = 0;
		};
		B2BAB0B226507A8C009519C0 /* Sources */ = {
			isa = PBXSourcesBuildPhase;
			buildActionMask = 2147483647;
			files = (
				B2BAB0BB26507A8C009519C0 /* Challenge1Day19Tests.swift in Sources */,
			);
			runOnlyForDeploymentPostprocessing = 0;
		};
		B2BAB0BD26507A8C009519C0 /* Sources */ = {
			isa = PBXSourcesBuildPhase;
			buildActionMask = 2147483647;
			files = (
				B2BAB0C626507A8C009519C0 /* Challenge1Day19UITests.swift in Sources */,
			);
			runOnlyForDeploymentPostprocessing = 0;
		};
/* End PBXSourcesBuildPhase section */

/* Begin PBXTargetDependency section */
		B2BAB0B826507A8C009519C0 /* PBXTargetDependency */ = {
			isa = PBXTargetDependency;
			target = B2BAB09F26507A8A009519C0 /* Challenge1Day19 */;
			targetProxy = B2BAB0B726507A8C009519C0 /* PBXContainerItemProxy */;
		};
		B2BAB0C326507A8C009519C0 /* PBXTargetDependency */ = {
			isa = PBXTargetDependency;
			target = B2BAB09F26507A8A009519C0 /* Challenge1Day19 */;
			targetProxy = B2BAB0C226507A8C009519C0 /* PBXContainerItemProxy */;
		};
/* End PBXTargetDependency section */

/* Begin PBXVariantGroup section */
		B2BAB0AE26507A8C009519C0 /* LaunchScreen.storyboard */ = {
			isa = PBXVariantGroup;
			children = (
				B2BAB0AF26507A8C009519C0 /* Base */,
			);
			name = LaunchScreen.storyboard;
			sourceTree = "<group>";
		};
/* End PBXVariantGroup section */

/* Begin XCBuildConfiguration section */
		B2BAB0C826507A8C009519C0 /* Debug */ = {
			isa = XCBuildConfiguration;
			buildSettings = {
				ALWAYS_SEARCH_USER_PATHS = NO;
				CLANG_ANALYZER_NONNULL = YES;
				CLANG_ANALYZER_NUMBER_OBJECT_CONVERSION = YES_AGGRESSIVE;
				CLANG_CXX_LANGUAGE_STANDARD = "gnu++14";
				CLANG_CXX_LIBRARY = "libc++";
				CLANG_ENABLE_MODULES = YES;
				CLANG_ENABLE_OBJC_ARC = YES;
				CLANG_ENABLE_OBJC_WEAK = YES;
				CLANG_WARN_BLOCK_CAPTURE_AUTORELEASING = YES;
				CLANG_WARN_BOOL_CONVERSION = YES;
				CLANG_WARN_COMMA = YES;
				CLANG_WARN_CONSTANT_CONVERSION = YES;
				CLANG_WARN_DEPRECATED_OBJC_IMPLEMENTATIONS = YES;
				CLANG_WARN_DIRECT_OBJC_ISA_USAGE = YES_ERROR;
				CLANG_WARN_DOCUMENTATION_COMMENTS = YES;
				CLANG_WARN_EMPTY_BODY = YES;
				CLANG_WARN_ENUM_CONVERSION = YES;
				CLANG_WARN_INFINITE_RECURSION = YES;
				CLANG_WARN_INT_CONVERSION = YES;
				CLANG_WARN_NON_LITERAL_NULL_CONVERSION = YES;
				CLANG_WARN_OBJC_IMPLICIT_RETAIN_SELF = YES;
				CLANG_WARN_OBJC_LITERAL_CONVERSION = YES;
				CLANG_WARN_OBJC_ROOT_CLASS = YES_ERROR;
				CLANG_WARN_QUOTED_INCLUDE_IN_FRAMEWORK_HEADER = YES;
				CLANG_WARN_RANGE_LOOP_ANALYSIS = YES;
				CLANG_WARN_STRICT_PROTOTYPES = YES;
				CLANG_WARN_SUSPICIOUS_MOVE = YES;
				CLANG_WARN_UNGUARDED_AVAILABILITY = YES_AGGRESSIVE;
				CLANG_WARN_UNREACHABLE_CODE = YES;
				CLANG_WARN__DUPLICATE_METHOD_MATCH = YES;
				COPY_PHASE_STRIP = NO;
				DEBUG_INFORMATION_FORMAT = dwarf;
				ENABLE_STRICT_OBJC_MSGSEND = YES;
				ENABLE_TESTABILITY = YES;
				GCC_C_LANGUAGE_STANDARD = gnu11;
				GCC_DYNAMIC_NO_PIC = NO;
				GCC_NO_COMMON_BLOCKS = YES;
				GCC_OPTIMIZATION_LEVEL = 0;
				GCC_PREPROCESSOR_DEFINITIONS = (
					"DEBUG=1",
					"$(inherited)",
				);
				GCC_WARN_64_TO_32_BIT_CONVERSION = YES;
				GCC_WARN_ABOUT_RETURN_TYPE = YES_ERROR;
				GCC_WARN_UNDECLARED_SELECTOR = YES;
				GCC_WARN_UNINITIALIZED_AUTOS = YES_AGGRESSIVE;
				GCC_WARN_UNUSED_FUNCTION = YES;
				GCC_WARN_UNUSED_VARIABLE = YES;
				IPHONEOS_DEPLOYMENT_TARGET = 14.5;
				MTL_ENABLE_DEBUG_INFO = INCLUDE_SOURCE;
				MTL_FAST_MATH = YES;
				ONLY_ACTIVE_ARCH = YES;
				SDKROOT = iphoneos;
				SWIFT_ACTIVE_COMPILATION_CONDITIONS = DEBUG;
				SWIFT_OPTIMIZATION_LEVEL = "-Onone";
			};
			name = Debug;
		};
		B2BAB0C926507A8C009519C0 /* Release */ = {
			isa = XCBuildConfiguration;
			buildSettings = {
				ALWAYS_SEARCH_USER_PATHS = NO;
				CLANG_ANALYZER_NONNULL = YES;
				CLANG_ANALYZER_NUMBER_OBJECT_CONVERSION = YES_AGGRESSIVE;
				CLANG_CXX_LANGUAGE_STANDARD = "gnu++14";
				CLANG_CXX_LIBRARY = "libc++";
				CLANG_ENABLE_MODULES = YES;
				CLANG_ENABLE_OBJC_ARC = YES;
				CLANG_ENABLE_OBJC_WEAK = YES;
				CLANG_WARN_BLOCK_CAPTURE_AUTORELEASING = YES;
				CLANG_WARN_BOOL_CONVERSION = YES;
				CLANG_WARN_COMMA = YES;
				CLANG_WARN_CONSTANT_CONVERSION = YES;
				CLANG_WARN_DEPRECATED_OBJC_IMPLEMENTATIONS = YES;
				CLANG_WARN_DIRECT_OBJC_ISA_USAGE = YES_ERROR;
				CLANG_WARN_DOCUMENTATION_COMMENTS = YES;
				CLANG_WARN_EMPTY_BODY = YES;
				CLANG_WARN_ENUM_CONVERSION = YES;
				CLANG_WARN_INFINITE_RECURSION = YES;
				CLANG_WARN_INT_CONVERSION = YES;
				CLANG_WARN_NON_LITERAL_NULL_CONVERSION = YES;
				CLANG_WARN_OBJC_IMPLICIT_RETAIN_SELF = YES;
				CLANG_WARN_OBJC_LITERAL_CONVERSION = YES;
				CLANG_WARN_OBJC_ROOT_CLASS = YES_ERROR;
				CLANG_WARN_QUOTED_INCLUDE_IN_FRAMEWORK_HEADER = YES;
				CLANG_WARN_RANGE_LOOP_ANALYSIS = YES;
				CLANG_WARN_STRICT_PROTOTYPES = YES;
				CLANG_WARN_SUSPICIOUS_MOVE = YES;
				CLANG_WARN_UNGUARDED_AVAILABILITY = YES_AGGRESSIVE;
				CLANG_WARN_UNREACHABLE_CODE = YES;
				CLANG_WARN__DUPLICATE_METHOD_MATCH = YES;
				COPY_PHASE_STRIP = NO;
				DEBUG_INFORMATION_FORMAT = "dwarf-with-dsym";
				ENABLE_NS_ASSERTIONS = NO;
				ENABLE_STRICT_OBJC_MSGSEND = YES;
				GCC_C_LANGUAGE_STANDARD = gnu11;
				GCC_NO_COMMON_BLOCKS = YES;
				GCC_WARN_64_TO_32_BIT_CONVERSION = YES;
				GCC_WARN_ABOUT_RETURN_TYPE = YES_ERROR;
				GCC_WARN_UNDECLARED_SELECTOR = YES;
				GCC_WARN_UNINITIALIZED_AUTOS = YES_AGGRESSIVE;
				GCC_WARN_UNUSED_FUNCTION = YES;
				GCC_WARN_UNUSED_VARIABLE = YES;
				IPHONEOS_DEPLOYMENT_TARGET = 14.5;
				MTL_ENABLE_DEBUG_INFO = NO;
				MTL_FAST_MATH = YES;
				SDKROOT = iphoneos;
				SWIFT_COMPILATION_MODE = wholemodule;
				SWIFT_OPTIMIZATION_LEVEL = "-O";
				VALIDATE_PRODUCT = YES;
			};
			name = Release;
		};
		B2BAB0CB26507A8C009519C0 /* Debug */ = {
			isa = XCBuildConfiguration;
			buildSettings = {
				ASSETCATALOG_COMPILER_APPICON_NAME = AppIcon;
				ASSETCATALOG_COMPILER_GLOBAL_ACCENT_COLOR_NAME = AccentColor;
				CODE_SIGN_STYLE = Automatic;
				DEVELOPMENT_ASSET_PATHS = "\"Challenge1Day19/Preview Content\"";
				DEVELOPMENT_TEAM = 4ADM9VNL8D;
				ENABLE_PREVIEWS = YES;
				INFOPLIST_FILE = Challenge1Day19/Info.plist;
				LD_RUNPATH_SEARCH_PATHS = (
					"$(inherited)",
					"@executable_path/Frameworks",
				);
				PRODUCT_BUNDLE_IDENTIFIER = com.twit.Test.Challenge1Day19;
				PRODUCT_NAME = "$(TARGET_NAME)";
				SWIFT_VERSION = 5.0;
				TARGETED_DEVICE_FAMILY = "1,2";
			};
			name = Debug;
		};
		B2BAB0CC26507A8C009519C0 /* Release */ = {
			isa = XCBuildConfiguration;
			buildSettings = {
				ASSETCATALOG_COMPILER_APPICON_NAME = AppIcon;
				ASSETCATALOG_COMPILER_GLOBAL_ACCENT_COLOR_NAME = AccentColor;
				CODE_SIGN_STYLE = Automatic;
				DEVELOPMENT_ASSET_PATHS = "\"Challenge1Day19/Preview Content\"";
				DEVELOPMENT_TEAM = 4ADM9VNL8D;
				ENABLE_PREVIEWS = YES;
				INFOPLIST_FILE = Challenge1Day19/Info.plist;
				LD_RUNPATH_SEARCH_PATHS = (
					"$(inherited)",
					"@executable_path/Frameworks",
				);
				PRODUCT_BUNDLE_IDENTIFIER = com.twit.Test.Challenge1Day19;
				PRODUCT_NAME = "$(TARGET_NAME)";
				SWIFT_VERSION = 5.0;
				TARGETED_DEVICE_FAMILY = "1,2";
			};
			name = Release;
		};
		B2BAB0CE26507A8C009519C0 /* Debug */ = {
			isa = XCBuildConfiguration;
			buildSettings = {
				ALWAYS_EMBED_SWIFT_STANDARD_LIBRARIES = YES;
				BUNDLE_LOADER = "$(TEST_HOST)";
				CODE_SIGN_STYLE = Automatic;
				DEVELOPMENT_TEAM = 4ADM9VNL8D;
				INFOPLIST_FILE = Challenge1Day19Tests/Info.plist;
				IPHONEOS_DEPLOYMENT_TARGET = 14.5;
				LD_RUNPATH_SEARCH_PATHS = (
					"$(inherited)",
					"@executable_path/Frameworks",
					"@loader_path/Frameworks",
				);
				PRODUCT_BUNDLE_IDENTIFIER = com.twit.Test.Challenge1Day19Tests;
				PRODUCT_NAME = "$(TARGET_NAME)";
				SWIFT_VERSION = 5.0;
				TARGETED_DEVICE_FAMILY = "1,2";
				TEST_HOST = "$(BUILT_PRODUCTS_DIR)/Challenge1Day19.app/Challenge1Day19";
			};
			name = Debug;
		};
		B2BAB0CF26507A8C009519C0 /* Release */ = {
			isa = XCBuildConfiguration;
			buildSettings = {
				ALWAYS_EMBED_SWIFT_STANDARD_LIBRARIES = YES;
				BUNDLE_LOADER = "$(TEST_HOST)";
				CODE_SIGN_STYLE = Automatic;
				DEVELOPMENT_TEAM = 4ADM9VNL8D;
				INFOPLIST_FILE = Challenge1Day19Tests/Info.plist;
				IPHONEOS_DEPLOYMENT_TARGET = 14.5;
				LD_RUNPATH_SEARCH_PATHS = (
					"$(inherited)",
					"@executable_path/Frameworks",
					"@loader_path/Frameworks",
				);
				PRODUCT_BUNDLE_IDENTIFIER = com.twit.Test.Challenge1Day19Tests;
				PRODUCT_NAME = "$(TARGET_NAME)";
				SWIFT_VERSION = 5.0;
				TARGETED_DEVICE_FAMILY = "1,2";
				TEST_HOST = "$(BUILT_PRODUCTS_DIR)/Challenge1Day19.app/Challenge1Day19";
			};
			name = Release;
		};
		B2BAB0D126507A8C009519C0 /* Debug */ = {
			isa = XCBuildConfiguration;
			buildSettings = {
				ALWAYS_EMBED_SWIFT_STANDARD_LIBRARIES = YES;
				CODE_SIGN_STYLE = Automatic;
				DEVELOPMENT_TEAM = 4ADM9VNL8D;
				INFOPLIST_FILE = Challenge1Day19UITests/Info.plist;
				LD_RUNPATH_SEARCH_PATHS = (
					"$(inherited)",
					"@executable_path/Frameworks",
					"@loader_path/Frameworks",
				);
				PRODUCT_BUNDLE_IDENTIFIER = com.twit.Test.Challenge1Day19UITests;
				PRODUCT_NAME = "$(TARGET_NAME)";
				SWIFT_VERSION = 5.0;
				TARGETED_DEVICE_FAMILY = "1,2";
				TEST_TARGET_NAME = Challenge1Day19;
			};
			name = Debug;
		};
		B2BAB0D226507A8C009519C0 /* Release */ = {
			isa = XCBuildConfiguration;
			buildSettings = {
				ALWAYS_EMBED_SWIFT_STANDARD_LIBRARIES = YES;
				CODE_SIGN_STYLE = Automatic;
				DEVELOPMENT_TEAM = 4ADM9VNL8D;
				INFOPLIST_FILE = Challenge1Day19UITests/Info.plist;
				LD_RUNPATH_SEARCH_PATHS = (
					"$(inherited)",
					"@executable_path/Frameworks",
					"@loader_path/Frameworks",
				);
				PRODUCT_BUNDLE_IDENTIFIER = com.twit.Test.Challenge1Day19UITests;
				PRODUCT_NAME = "$(TARGET_NAME)";
				SWIFT_VERSION = 5.0;
				TARGETED_DEVICE_FAMILY = "1,2";
				TEST_TARGET_NAME = Challenge1Day19;
			};
			name = Release;
		};
/* End XCBuildConfiguration section */

/* Begin XCConfigurationList section */
		B2BAB09B26507A8A009519C0 /* Build configuration list for PBXProject "Challenge1Day19" */ = {
			isa = XCConfigurationList;
			buildConfigurations = (
				B2BAB0C826507A8C009519C0 /* Debug */,
				B2BAB0C926507A8C009519C0 /* Release */,
			);
			defaultConfigurationIsVisible = 0;
			defaultConfigurationName = Release;
		};
		B2BAB0CA26507A8C009519C0 /* Build configuration list for PBXNativeTarget "Challenge1Day19" */ = {
			isa = XCConfigurationList;
			buildConfigurations = (
				B2BAB0CB26507A8C009519C0 /* Debug */,
				B2BAB0CC26507A8C009519C0 /* Release */,
			);
			defaultConfigurationIsVisible = 0;
			defaultConfigurationName = Release;
		};
		B2BAB0CD26507A8C009519C0 /* Build configuration list for PBXNativeTarget "Challenge1Day19Tests" */ = {
			isa = XCConfigurationList;
			buildConfigurations = (
				B2BAB0CE26507A8C009519C0 /* Debug */,
				B2BAB0CF26507A8C009519C0 /* Release */,
			);
			defaultConfigurationIsVisible = 0;
			defaultConfigurationName = Release;
		};
		B2BAB0D026507A8C009519C0 /* Build configuration list for PBXNativeTarget "Challenge1Day19UITests" */ = {
			isa = XCConfigurationList;
			buildConfigurations = (
				B2BAB0D126507A8C009519C0 /* Debug */,
				B2BAB0D226507A8C009519C0 /* Release */,
			);
			defaultConfigurationIsVisible = 0;
			defaultConfigurationName = Release;
		};
/* End XCConfigurationList section */
	};
	rootObject = B2BAB09826507A8A009519C0 /* Project object */;
}
