// !$*UTF8*$!
{
	archiveVersion = 1;
	classes = {
	};
	objectVersion = 77;
	objects = {

/* Begin PBXContainerItemProxy section */
		B2AD2F232D03C4E6002FF747 /* PBXContainerItemProxy */ = {
			isa = PBXContainerItemProxy;
			containerPortal = B2AD2F0A2D03C4E5002FF747 /* Project object */;
			proxyType = 1;
			remoteGlobalIDString = B2AD2F112D03C4E5002FF747;
			remoteInfo = ViewsAndModifiers;
		};
		B2AD2F2D2D03C4E6002FF747 /* PBXContainerItemProxy */ = {
			isa = PBXContainerItemProxy;
			containerPortal = B2AD2F0A2D03C4E5002FF747 /* Project object */;
			proxyType = 1;
			remoteGlobalIDString = B2AD2F112D03C4E5002FF747;
			remoteInfo = ViewsAndModifiers;
		};
/* End PBXContainerItemProxy section */

/* Begin PBXFileReference section */
		B2AD2F122D03C4E5002FF747 /* ViewsAndModifiers.app */ = {isa = PBXFileReference; explicitFileType = wrapper.application; includeInIndex = 0; path = ViewsAndModifiers.app; sourceTree = BUILT_PRODUCTS_DIR; };
		B2AD2F222D03C4E6002FF747 /* ViewsAndModifiersTests.xctest */ = {isa = PBXFileReference; explicitFileType = wrapper.cfbundle; includeInIndex = 0; path = ViewsAndModifiersTests.xctest; sourceTree = BUILT_PRODUCTS_DIR; };
		B2AD2F2C2D03C4E6002FF747 /* ViewsAndModifiersUITests.xctest */ = {isa = PBXFileReference; explicitFileType = wrapper.cfbundle; includeInIndex = 0; path = ViewsAndModifiersUITests.xctest; sourceTree = BUILT_PRODUCTS_DIR; };
/* End PBXFileReference section */

/* Begin PBXFileSystemSynchronizedRootGroup section */
		B2AD2F142D03C4E5002FF747 /* ViewsAndModifiers */ = {
			isa = PBXFileSystemSynchronizedRootGroup;
			path = ViewsAndModifiers;
			sourceTree = "<group>";
		};
		B2AD2F252D03C4E6002FF747 /* ViewsAndModifiersTests */ = {
			isa = PBXFileSystemSynchronizedRootGroup;
			path = ViewsAndModifiersTests;
			sourceTree = "<group>";
		};
		B2AD2F2F2D03C4E6002FF747 /* ViewsAndModifiersUITests */ = {
			isa = PBXFileSystemSynchronizedRootGroup;
			path = ViewsAndModifiersUITests;
			sourceTree = "<group>";
		};
/* End PBXFileSystemSynchronizedRootGroup section */

/* Begin PBXFrameworksBuildPhase section */
		B2AD2F0F2D03C4E5002FF747 /* Frameworks */ = {
			isa = PBXFrameworksBuildPhase;
			buildActionMask = 2147483647;
			files = (
			);
			runOnlyForDeploymentPostprocessing = 0;
		};
		B2AD2F1F2D03C4E6002FF747 /* Frameworks */ = {
			isa = PBXFrameworksBuildPhase;
			buildActionMask = 2147483647;
			files = (
			);
			runOnlyForDeploymentPostprocessing = 0;
		};
		B2AD2F292D03C4E6002FF747 /* Frameworks */ = {
			isa = PBXFrameworksBuildPhase;
			buildActionMask = 2147483647;
			files = (
			);
			runOnlyForDeploymentPostprocessing = 0;
		};
/* End PBXFrameworksBuildPhase section */

/* Begin PBXGroup section */
		B2AD2F092D03C4E5002FF747 = {
			isa = PBXGroup;
			children = (
				B2AD2F142D03C4E5002FF747 /* ViewsAndModifiers */,
				B2AD2F252D03C4E6002FF747 /* ViewsAndModifiersTests */,
				B2AD2F2F2D03C4E6002FF747 /* ViewsAndModifiersUITests */,
				B2AD2F132D03C4E5002FF747 /* Products */,
			);
			sourceTree = "<group>";
		};
		B2AD2F132D03C4E5002FF747 /* Products */ = {
			isa = PBXGroup;
			children = (
				B2AD2F122D03C4E5002FF747 /* ViewsAndModifiers.app */,
				B2AD2F222D03C4E6002FF747 /* ViewsAndModifiersTests.xctest */,
				B2AD2F2C2D03C4E6002FF747 /* ViewsAndModifiersUITests.xctest */,
			);
			name = Products;
			sourceTree = "<group>";
		};
/* End PBXGroup section */

/* Begin PBXNativeTarget section */
		B2AD2F112D03C4E5002FF747 /* ViewsAndModifiers */ = {
			isa = PBXNativeTarget;
			buildConfigurationList = B2AD2F362D03C4E6002FF747 /* Build configuration list for PBXNativeTarget "ViewsAndModifiers" */;
			buildPhases = (
				B2AD2F0E2D03C4E5002FF747 /* Sources */,
				B2AD2F0F2D03C4E5002FF747 /* Frameworks */,
				B2AD2F102D03C4E5002FF747 /* Resources */,
			);
			buildRules = (
			);
			dependencies = (
			);
			fileSystemSynchronizedGroups = (
				B2AD2F142D03C4E5002FF747 /* ViewsAndModifiers */,
			);
			name = ViewsAndModifiers;
			packageProductDependencies = (
			);
			productName = ViewsAndModifiers;
			productReference = B2AD2F122D03C4E5002FF747 /* ViewsAndModifiers.app */;
			productType = "com.apple.product-type.application";
		};
		B2AD2F212D03C4E6002FF747 /* ViewsAndModifiersTests */ = {
			isa = PBXNativeTarget;
			buildConfigurationList = B2AD2F392D03C4E6002FF747 /* Build configuration list for PBXNativeTarget "ViewsAndModifiersTests" */;
			buildPhases = (
				B2AD2F1E2D03C4E6002FF747 /* Sources */,
				B2AD2F1F2D03C4E6002FF747 /* Frameworks */,
				B2AD2F202D03C4E6002FF747 /* Resources */,
			);
			buildRules = (
			);
			dependencies = (
				B2AD2F242D03C4E6002FF747 /* PBXTargetDependency */,
			);
			fileSystemSynchronizedGroups = (
				B2AD2F252D03C4E6002FF747 /* ViewsAndModifiersTests */,
			);
			name = ViewsAndModifiersTests;
			packageProductDependencies = (
			);
			productName = ViewsAndModifiersTests;
			productReference = B2AD2F222D03C4E6002FF747 /* ViewsAndModifiersTests.xctest */;
			productType = "com.apple.product-type.bundle.unit-test";
		};
		B2AD2F2B2D03C4E6002FF747 /* ViewsAndModifiersUITests */ = {
			isa = PBXNativeTarget;
			buildConfigurationList = B2AD2F3C2D03C4E6002FF747 /* Build configuration list for PBXNativeTarget "ViewsAndModifiersUITests" */;
			buildPhases = (
				B2AD2F282D03C4E6002FF747 /* Sources */,
				B2AD2F292D03C4E6002FF747 /* Frameworks */,
				B2AD2F2A2D03C4E6002FF747 /* Resources */,
			);
			buildRules = (
			);
			dependencies = (
				B2AD2F2E2D03C4E6002FF747 /* PBXTargetDependency */,
			);
			fileSystemSynchronizedGroups = (
				B2AD2F2F2D03C4E6002FF747 /* ViewsAndModifiersUITests */,
			);
			name = ViewsAndModifiersUITests;
			packageProductDependencies = (
			);
			productName = ViewsAndModifiersUITests;
			productReference = B2AD2F2C2D03C4E6002FF747 /* ViewsAndModifiersUITests.xctest */;
			productType = "com.apple.product-type.bundle.ui-testing";
		};
/* End PBXNativeTarget section */

/* Begin PBXProject section */
		B2AD2F0A2D03C4E5002FF747 /* Project object */ = {
			isa = PBXProject;
			attributes = {
				BuildIndependentTargetsInParallel = 1;
				LastSwiftUpdateCheck = 1610;
				LastUpgradeCheck = 1610;
				TargetAttributes = {
					B2AD2F112D03C4E5002FF747 = {
						CreatedOnToolsVersion = 16.1;
					};
					B2AD2F212D03C4E6002FF747 = {
						CreatedOnToolsVersion = 16.1;
						TestTargetID = B2AD2F112D03C4E5002FF747;
					};
					B2AD2F2B2D03C4E6002FF747 = {
						CreatedOnToolsVersion = 16.1;
						TestTargetID = B2AD2F112D03C4E5002FF747;
					};
				};
			};
			buildConfigurationList = B2AD2F0D2D03C4E5002FF747 /* Build configuration list for PBXProject "ViewsAndModifiers" */;
			developmentRegion = en;
			hasScannedForEncodings = 0;
			knownRegions = (
				en,
				Base,
			);
			mainGroup = B2AD2F092D03C4E5002FF747;
			minimizedProjectReferenceProxies = 1;
			preferredProjectObjectVersion = 77;
			productRefGroup = B2AD2F132D03C4E5002FF747 /* Products */;
			projectDirPath = "";
			projectRoot = "";
			targets = (
				B2AD2F112D03C4E5002FF747 /* ViewsAndModifiers */,
				B2AD2F212D03C4E6002FF747 /* ViewsAndModifiersTests */,
				B2AD2F2B2D03C4E6002FF747 /* ViewsAndModifiersUITests */,
			);
		};
/* End PBXProject section */

/* Begin PBXResourcesBuildPhase section */
		B2AD2F102D03C4E5002FF747 /* Resources */ = {
			isa = PBXResourcesBuildPhase;
			buildActionMask = 2147483647;
			files = (
			);
			runOnlyForDeploymentPostprocessing = 0;
		};
		B2AD2F202D03C4E6002FF747 /* Resources */ = {
			isa = PBXResourcesBuildPhase;
			buildActionMask = 2147483647;
			files = (
			);
			runOnlyForDeploymentPostprocessing = 0;
		};
		B2AD2F2A2D03C4E6002FF747 /* Resources */ = {
			isa = PBXResourcesBuildPhase;
			buildActionMask = 2147483647;
			files = (
			);
			runOnlyForDeploymentPostprocessing = 0;
		};
/* End PBXResourcesBuildPhase section */

/* Begin PBXSourcesBuildPhase section */
		B2AD2F0E2D03C4E5002FF747 /* Sources */ = {
			isa = PBXSourcesBuildPhase;
			buildActionMask = 2147483647;
			files = (
			);
			runOnlyForDeploymentPostprocessing = 0;
		};
		B2AD2F1E2D03C4E6002FF747 /* Sources */ = {
			isa = PBXSourcesBuildPhase;
			buildActionMask = 2147483647;
			files = (
			);
			runOnlyForDeploymentPostprocessing = 0;
		};
		B2AD2F282D03C4E6002FF747 /* Sources */ = {
			isa = PBXSourcesBuildPhase;
			buildActionMask = 2147483647;
			files = (
			);
			runOnlyForDeploymentPostprocessing = 0;
		};
/* End PBXSourcesBuildPhase section */

/* Begin PBXTargetDependency section */
		B2AD2F242D03C4E6002FF747 /* PBXTargetDependency */ = {
			isa = PBXTargetDependency;
			target = B2AD2F112D03C4E5002FF747 /* ViewsAndModifiers */;
			targetProxy = B2AD2F232D03C4E6002FF747 /* PBXContainerItemProxy */;
		};
		B2AD2F2E2D03C4E6002FF747 /* PBXTargetDependency */ = {
			isa = PBXTargetDependency;
			target = B2AD2F112D03C4E5002FF747 /* ViewsAndModifiers */;
			targetProxy = B2AD2F2D2D03C4E6002FF747 /* PBXContainerItemProxy */;
		};
/* End PBXTargetDependency section */

/* Begin XCBuildConfiguration section */
		B2AD2F342D03C4E6002FF747 /* Debug */ = {
			isa = XCBuildConfiguration;
			buildSettings = {
				ALWAYS_SEARCH_USER_PATHS = NO;
				ASSETCATALOG_COMPILER_GENERATE_SWIFT_ASSET_SYMBOL_EXTENSIONS = YES;
				CLANG_ANALYZER_NONNULL = YES;
				CLANG_ANALYZER_NUMBER_OBJECT_CONVERSION = YES_AGGRESSIVE;
				CLANG_CXX_LANGUAGE_STANDARD = "gnu++20";
				CLANG_ENABLE_MODULES = YES;
				CLANG_ENABLE_OBJC_ARC = YES;
				CLANG_ENABLE_OBJC_WEAK = YES;
				CLANG_WARN_BLOCK_CAPTURE_AUTORELEASING = YES;
				CLANG_WARN_BOOL_CONVERSION = YES;
				CLANG_WARN_COMMA = YES;
				CLANG_WARN_CONSTANT_CONVERSION = YES;
				CLANG_WARN_DEPRECATED_OBJC_IMPLEMENTATIONS = YES;
				CLANG_WARN_DIRECT_OBJC_ISA_USAGE = YES_ERROR;
				CLANG_WARN_DOCUMENTATION_COMMENTS = YES;
				CLANG_WARN_EMPTY_BODY = YES;
				CLANG_WARN_ENUM_CONVERSION = YES;
				CLANG_WARN_INFINITE_RECURSION = YES;
				CLANG_WARN_INT_CONVERSION = YES;
				CLANG_WARN_NON_LITERAL_NULL_CONVERSION = YES;
				CLANG_WARN_OBJC_IMPLICIT_RETAIN_SELF = YES;
				CLANG_WARN_OBJC_LITERAL_CONVERSION = YES;
				CLANG_WARN_OBJC_ROOT_CLASS = YES_ERROR;
				CLANG_WARN_QUOTED_INCLUDE_IN_FRAMEWORK_HEADER = YES;
				CLANG_WARN_RANGE_LOOP_ANALYSIS = YES;
				CLANG_WARN_STRICT_PROTOTYPES = YES;
				CLANG_WARN_SUSPICIOUS_MOVE = YES;
				CLANG_WARN_UNGUARDED_AVAILABILITY = YES_AGGRESSIVE;
				CLANG_WARN_UNREACHABLE_CODE = YES;
				CLANG_WARN__DUPLICATE_METHOD_MATCH = YES;
				COPY_PHASE_STRIP = NO;
				DEBUG_INFORMATION_FORMAT = dwarf;
				ENABLE_STRICT_OBJC_MSGSEND = YES;
				ENABLE_TESTABILITY = YES;
				ENABLE_USER_SCRIPT_SANDBOXING = YES;
				GCC_C_LANGUAGE_STANDARD = gnu17;
				GCC_DYNAMIC_NO_PIC = NO;
				GCC_NO_COMMON_BLOCKS = YES;
				GCC_OPTIMIZATION_LEVEL = 0;
				GCC_PREPROCESSOR_DEFINITIONS = (
					"DEBUG=1",
					"$(inherited)",
				);
				GCC_WARN_64_TO_32_BIT_CONVERSION = YES;
				GCC_WARN_ABOUT_RETURN_TYPE = YES_ERROR;
				GCC_WARN_UNDECLARED_SELECTOR = YES;
				GCC_WARN_UNINITIALIZED_AUTOS = YES_AGGRESSIVE;
				GCC_WARN_UNUSED_FUNCTION = YES;
				GCC_WARN_UNUSED_VARIABLE = YES;
				IPHONEOS_DEPLOYMENT_TARGET = 18.1;
				LOCALIZATION_PREFERS_STRING_CATALOGS = YES;
				MTL_ENABLE_DEBUG_INFO = INCLUDE_SOURCE;
				MTL_FAST_MATH = YES;
				ONLY_ACTIVE_ARCH = YES;
				SDKROOT = iphoneos;
				SWIFT_ACTIVE_COMPILATION_CONDITIONS = "DEBUG $(inherited)";
				SWIFT_OPTIMIZATION_LEVEL = "-Onone";
			};
			name = Debug;
		};
		B2AD2F352D03C4E6002FF747 /* Release */ = {
			isa = XCBuildConfiguration;
			buildSettings = {
				ALWAYS_SEARCH_USER_PATHS = NO;
				ASSETCATALOG_COMPILER_GENERATE_SWIFT_ASSET_SYMBOL_EXTENSIONS = YES;
				CLANG_ANALYZER_NONNULL = YES;
				CLANG_ANALYZER_NUMBER_OBJECT_CONVERSION = YES_AGGRESSIVE;
				CLANG_CXX_LANGUAGE_STANDARD = "gnu++20";
				CLANG_ENABLE_MODULES = YES;
				CLANG_ENABLE_OBJC_ARC = YES;
				CLANG_ENABLE_OBJC_WEAK = YES;
				CLANG_WARN_BLOCK_CAPTURE_AUTORELEASING = YES;
				CLANG_WARN_BOOL_CONVERSION = YES;
				CLANG_WARN_COMMA = YES;
				CLANG_WARN_CONSTANT_CONVERSION = YES;
				CLANG_WARN_DEPRECATED_OBJC_IMPLEMENTATIONS = YES;
				CLANG_WARN_DIRECT_OBJC_ISA_USAGE = YES_ERROR;
				CLANG_WARN_DOCUMENTATION_COMMENTS = YES;
				CLANG_WARN_EMPTY_BODY = YES;
				CLANG_WARN_ENUM_CONVERSION = YES;
				CLANG_WARN_INFINITE_RECURSION = YES;
				CLANG_WARN_INT_CONVERSION = YES;
				CLANG_WARN_NON_LITERAL_NULL_CONVERSION = YES;
				CLANG_WARN_OBJC_IMPLICIT_RETAIN_SELF = YES;
				CLANG_WARN_OBJC_LITERAL_CONVERSION = YES;
				CLANG_WARN_OBJC_ROOT_CLASS = YES_ERROR;
				CLANG_WARN_QUOTED_INCLUDE_IN_FRAMEWORK_HEADER = YES;
				CLANG_WARN_RANGE_LOOP_ANALYSIS = YES;
				CLANG_WARN_STRICT_PROTOTYPES = YES;
				CLANG_WARN_SUSPICIOUS_MOVE = YES;
				CLANG_WARN_UNGUARDED_AVAILABILITY = YES_AGGRESSIVE;
				CLANG_WARN_UNREACHABLE_CODE = YES;
				CLANG_WARN__DUPLICATE_METHOD_MATCH = YES;
				COPY_PHASE_STRIP = NO;
				DEBUG_INFORMATION_FORMAT = "dwarf-with-dsym";
				ENABLE_NS_ASSERTIONS = NO;
				ENABLE_STRICT_OBJC_MSGSEND = YES;
				ENABLE_USER_SCRIPT_SANDBOXING = YES;
				GCC_C_LANGUAGE_STANDARD = gnu17;
				GCC_NO_COMMON_BLOCKS = YES;
				GCC_WARN_64_TO_32_BIT_CONVERSION = YES;
				GCC_WARN_ABOUT_RETURN_TYPE = YES_ERROR;
				GCC_WARN_UNDECLARED_SELECTOR = YES;
				GCC_WARN_UNINITIALIZED_AUTOS = YES_AGGRESSIVE;
				GCC_WARN_UNUSED_FUNCTION = YES;
				GCC_WARN_UNUSED_VARIABLE = YES;
				IPHONEOS_DEPLOYMENT_TARGET = 18.1;
				LOCALIZATION_PREFERS_STRING_CATALOGS = YES;
				MTL_ENABLE_DEBUG_INFO = NO;
				MTL_FAST_MATH = YES;
				SDKROOT = iphoneos;
				SWIFT_COMPILATION_MODE = wholemodule;
				VALIDATE_PRODUCT = YES;
			};
			name = Release;
		};
		B2AD2F372D03C4E6002FF747 /* Debug */ = {
			isa = XCBuildConfiguration;
			buildSettings = {
				ASSETCATALOG_COMPILER_APPICON_NAME = AppIcon;
				ASSETCATALOG_COMPILER_GLOBAL_ACCENT_COLOR_NAME = AccentColor;
				CODE_SIGN_STYLE = Automatic;
				CURRENT_PROJECT_VERSION = 1;
				DEVELOPMENT_ASSET_PATHS = "\"ViewsAndModifiers/Preview Content\"";
				DEVELOPMENT_TEAM = A9LJR8LPA6;
				ENABLE_PREVIEWS = YES;
				GENERATE_INFOPLIST_FILE = YES;
				INFOPLIST_KEY_UIApplicationSceneManifest_Generation = YES;
				INFOPLIST_KEY_UIApplicationSupportsIndirectInputEvents = YES;
				INFOPLIST_KEY_UILaunchScreen_Generation = YES;
				INFOPLIST_KEY_UISupportedInterfaceOrientations_iPad = "UIInterfaceOrientationPortrait UIInterfaceOrientationPortraitUpsideDown UIInterfaceOrientationLandscapeLeft UIInterfaceOrientationLandscapeRight";
				INFOPLIST_KEY_UISupportedInterfaceOrientations_iPhone = "UIInterfaceOrientationPortrait UIInterfaceOrientationLandscapeLeft UIInterfaceOrientationLandscapeRight";
				LD_RUNPATH_SEARCH_PATHS = (
					"$(inherited)",
					"@executable_path/Frameworks",
				);
				MARKETING_VERSION = 1.0;
				PRODUCT_BUNDLE_IDENTIFIER = me.kaki.sravya.ViewsAndModifiers;
				PRODUCT_NAME = "$(TARGET_NAME)";
				SWIFT_EMIT_LOC_STRINGS = YES;
				SWIFT_VERSION = 5.0;
				TARGETED_DEVICE_FAMILY = "1,2";
			};
			name = Debug;
		};
		B2AD2F382D03C4E6002FF747 /* Release */ = {
			isa = XCBuildConfiguration;
			buildSettings = {
				ASSETCATALOG_COMPILER_APPICON_NAME = AppIcon;
				ASSETCATALOG_COMPILER_GLOBAL_ACCENT_COLOR_NAME = AccentColor;
				CODE_SIGN_STYLE = Automatic;
				CURRENT_PROJECT_VERSION = 1;
				DEVELOPMENT_ASSET_PATHS = "\"ViewsAndModifiers/Preview Content\"";
				DEVELOPMENT_TEAM = A9LJR8LPA6;
				ENABLE_PREVIEWS = YES;
				GENERATE_INFOPLIST_FILE = YES;
				INFOPLIST_KEY_UIApplicationSceneManifest_Generation = YES;
				INFOPLIST_KEY_UIApplicationSupportsIndirectInputEvents = YES;
				INFOPLIST_KEY_UILaunchScreen_Generation = YES;
				INFOPLIST_KEY_UISupportedInterfaceOrientations_iPad = "UIInterfaceOrientationPortrait UIInterfaceOrientationPortraitUpsideDown UIInterfaceOrientationLandscapeLeft UIInterfaceOrientationLandscapeRight";
				INFOPLIST_KEY_UISupportedInterfaceOrientations_iPhone = "UIInterfaceOrientationPortrait UIInterfaceOrientationLandscapeLeft UIInterfaceOrientationLandscapeRight";
				LD_RUNPATH_SEARCH_PATHS = (
					"$(inherited)",
					"@executable_path/Frameworks",
				);
				MARKETING_VERSION = 1.0;
				PRODUCT_BUNDLE_IDENTIFIER = me.kaki.sravya.ViewsAndModifiers;
				PRODUCT_NAME = "$(TARGET_NAME)";
				SWIFT_EMIT_LOC_STRINGS = YES;
				SWIFT_VERSION = 5.0;
				TARGETED_DEVICE_FAMILY = "1,2";
			};
			name = Release;
		};
		B2AD2F3A2D03C4E6002FF747 /* Debug */ = {
			isa = XCBuildConfiguration;
			buildSettings = {
				BUNDLE_LOADER = "$(TEST_HOST)";
				CODE_SIGN_STYLE = Automatic;
				CURRENT_PROJECT_VERSION = 1;
				DEVELOPMENT_TEAM = A9LJR8LPA6;
				GENERATE_INFOPLIST_FILE = YES;
				IPHONEOS_DEPLOYMENT_TARGET = 18.1;
				MARKETING_VERSION = 1.0;
				PRODUCT_BUNDLE_IDENTIFIER = me.kaki.sravya.ViewsAndModifiersTests;
				PRODUCT_NAME = "$(TARGET_NAME)";
				SWIFT_EMIT_LOC_STRINGS = NO;
				SWIFT_VERSION = 5.0;
				TARGETED_DEVICE_FAMILY = "1,2";
				TEST_HOST = "$(BUILT_PRODUCTS_DIR)/ViewsAndModifiers.app/$(BUNDLE_EXECUTABLE_FOLDER_PATH)/ViewsAndModifiers";
			};
			name = Debug;
		};
		B2AD2F3B2D03C4E6002FF747 /* Release */ = {
			isa = XCBuildConfiguration;
			buildSettings = {
				BUNDLE_LOADER = "$(TEST_HOST)";
				CODE_SIGN_STYLE = Automatic;
				CURRENT_PROJECT_VERSION = 1;
				DEVELOPMENT_TEAM = A9LJR8LPA6;
				GENERATE_INFOPLIST_FILE = YES;
				IPHONEOS_DEPLOYMENT_TARGET = 18.1;
				MARKETING_VERSION = 1.0;
				PRODUCT_BUNDLE_IDENTIFIER = me.kaki.sravya.ViewsAndModifiersTests;
				PRODUCT_NAME = "$(TARGET_NAME)";
				SWIFT_EMIT_LOC_STRINGS = NO;
				SWIFT_VERSION = 5.0;
				TARGETED_DEVICE_FAMILY = "1,2";
				TEST_HOST = "$(BUILT_PRODUCTS_DIR)/ViewsAndModifiers.app/$(BUNDLE_EXECUTABLE_FOLDER_PATH)/ViewsAndModifiers";
			};
			name = Release;
		};
		B2AD2F3D2D03C4E6002FF747 /* Debug */ = {
			isa = XCBuildConfiguration;
			buildSettings = {
				CODE_SIGN_STYLE = Automatic;
				CURRENT_PROJECT_VERSION = 1;
				DEVELOPMENT_TEAM = A9LJR8LPA6;
				GENERATE_INFOPLIST_FILE = YES;
				MARKETING_VERSION = 1.0;
				PRODUCT_BUNDLE_IDENTIFIER = me.kaki.sravya.ViewsAndModifiersUITests;
				PRODUCT_NAME = "$(TARGET_NAME)";
				SWIFT_EMIT_LOC_STRINGS = NO;
				SWIFT_VERSION = 5.0;
				TARGETED_DEVICE_FAMILY = "1,2";
				TEST_TARGET_NAME = ViewsAndModifiers;
			};
			name = Debug;
		};
		B2AD2F3E2D03C4E6002FF747 /* Release */ = {
			isa = XCBuildConfiguration;
			buildSettings = {
				CODE_SIGN_STYLE = Automatic;
				CURRENT_PROJECT_VERSION = 1;
				DEVELOPMENT_TEAM = A9LJR8LPA6;
				GENERATE_INFOPLIST_FILE = YES;
				MARKETING_VERSION = 1.0;
				PRODUCT_BUNDLE_IDENTIFIER = me.kaki.sravya.ViewsAndModifiersUITests;
				PRODUCT_NAME = "$(TARGET_NAME)";
				SWIFT_EMIT_LOC_STRINGS = NO;
				SWIFT_VERSION = 5.0;
				TARGETED_DEVICE_FAMILY = "1,2";
				TEST_TARGET_NAME = ViewsAndModifiers;
			};
			name = Release;
		};
/* End XCBuildConfiguration section */

/* Begin XCConfigurationList section */
		B2AD2F0D2D03C4E5002FF747 /* Build configuration list for PBXProject "ViewsAndModifiers" */ = {
			isa = XCConfigurationList;
			buildConfigurations = (
				B2AD2F342D03C4E6002FF747 /* Debug */,
				B2AD2F352D03C4E6002FF747 /* Release */,
			);
			defaultConfigurationIsVisible = 0;
			defaultConfigurationName = Release;
		};
		B2AD2F362D03C4E6002FF747 /* Build configuration list for PBXNativeTarget "ViewsAndModifiers" */ = {
			isa = XCConfigurationList;
			buildConfigurations = (
				B2AD2F372D03C4E6002FF747 /* Debug */,
				B2AD2F382D03C4E6002FF747 /* Release */,
			);
			defaultConfigurationIsVisible = 0;
			defaultConfigurationName = Release;
		};
		B2AD2F392D03C4E6002FF747 /* Build configuration list for PBXNativeTarget "ViewsAndModifiersTests" */ = {
			isa = XCConfigurationList;
			buildConfigurations = (
				B2AD2F3A2D03C4E6002FF747 /* Debug */,
				B2AD2F3B2D03C4E6002FF747 /* Release */,
			);
			defaultConfigurationIsVisible = 0;
			defaultConfigurationName = Release;
		};
		B2AD2F3C2D03C4E6002FF747 /* Build configuration list for PBXNativeTarget "ViewsAndModifiersUITests" */ = {
			isa = XCConfigurationList;
			buildConfigurations = (
				B2AD2F3D2D03C4E6002FF747 /* Debug */,
				B2AD2F3E2D03C4E6002FF747 /* Release */,
			);
			defaultConfigurationIsVisible = 0;
			defaultConfigurationName = Release;
		};
/* End XCConfigurationList section */
	};
	rootObject = B2AD2F0A2D03C4E5002FF747 /* Project object */;
}
